// !$*UTF8*$!
{
	archiveVersion = 1;
	classes = {
	};
	objectVersion = 46;
	objects = {

/* Begin PBXBuildFile section */
		1892004A188EDB3800A50BD9 /* Foundation.framework in Frameworks */ = {isa = PBXBuildFile; fileRef = 18920049188EDB3800A50BD9 /* Foundation.framework */; };
		1892004C188EDB3800A50BD9 /* CoreGraphics.framework in Frameworks */ = {isa = PBXBuildFile; fileRef = 1892004B188EDB3800A50BD9 /* CoreGraphics.framework */; };
		1892004E188EDB3800A50BD9 /* UIKit.framework in Frameworks */ = {isa = PBXBuildFile; fileRef = 1892004D188EDB3800A50BD9 /* UIKit.framework */; };
		18920050188EDB3800A50BD9 /* CoreData.framework in Frameworks */ = {isa = PBXBuildFile; fileRef = 1892004F188EDB3800A50BD9 /* CoreData.framework */; };
		18920056188EDB3800A50BD9 /* InfoPlist.strings in Resources */ = {isa = PBXBuildFile; fileRef = 18920054188EDB3800A50BD9 /* InfoPlist.strings */; };
		18920058188EDB3800A50BD9 /* main.m in Sources */ = {isa = PBXBuildFile; fileRef = 18920057188EDB3800A50BD9 /* main.m */; };
		1892005C188EDB3800A50BD9 /* AppDelegate.m in Sources */ = {isa = PBXBuildFile; fileRef = 1892005B188EDB3800A50BD9 /* AppDelegate.m */; };
		1892005F188EDB3800A50BD9 /* NotsBefore.xcdatamodeld in Sources */ = {isa = PBXBuildFile; fileRef = 1892005D188EDB3800A50BD9 /* NotsBefore.xcdatamodeld */; };
		18920061188EDB3800A50BD9 /* Images.xcassets in Resources */ = {isa = PBXBuildFile; fileRef = 18920060188EDB3800A50BD9 /* Images.xcassets */; };
		18920068188EDB3800A50BD9 /* XCTest.framework in Frameworks */ = {isa = PBXBuildFile; fileRef = 18920067188EDB3800A50BD9 /* XCTest.framework */; };
		18920069188EDB3800A50BD9 /* Foundation.framework in Frameworks */ = {isa = PBXBuildFile; fileRef = 18920049188EDB3800A50BD9 /* Foundation.framework */; };
		1892006A188EDB3800A50BD9 /* UIKit.framework in Frameworks */ = {isa = PBXBuildFile; fileRef = 1892004D188EDB3800A50BD9 /* UIKit.framework */; };
		1892006B188EDB3800A50BD9 /* CoreData.framework in Frameworks */ = {isa = PBXBuildFile; fileRef = 1892004F188EDB3800A50BD9 /* CoreData.framework */; };
		18920073188EDB3800A50BD9 /* InfoPlist.strings in Resources */ = {isa = PBXBuildFile; fileRef = 18920071188EDB3800A50BD9 /* InfoPlist.strings */; };
		18920075188EDB3800A50BD9 /* NotsBeforeTests.m in Sources */ = {isa = PBXBuildFile; fileRef = 18920074188EDB3800A50BD9 /* NotsBeforeTests.m */; };
/* End PBXBuildFile section */

/* Begin PBXContainerItemProxy section */
		1892006C188EDB3800A50BD9 /* PBXContainerItemProxy */ = {
			isa = PBXContainerItemProxy;
			containerPortal = 1892003E188EDB3800A50BD9 /* Project object */;
			proxyType = 1;
			remoteGlobalIDString = 18920045188EDB3800A50BD9;
			remoteInfo = NotsBefore;
		};
/* End PBXContainerItemProxy section */

/* Begin PBXFileReference section */
		18920046188EDB3800A50BD9 /* NotsBefore.app */ = {isa = PBXFileReference; explicitFileType = wrapper.application; includeInIndex = 0; path = NotsBefore.app; sourceTree = BUILT_PRODUCTS_DIR; };
		18920049188EDB3800A50BD9 /* Foundation.framework */ = {isa = PBXFileReference; lastKnownFileType = wrapper.framework; name = Foundation.framework; path = System/Library/Frameworks/Foundation.framework; sourceTree = SDKROOT; };
		1892004B188EDB3800A50BD9 /* CoreGraphics.framework */ = {isa = PBXFileReference; lastKnownFileType = wrapper.framework; name = CoreGraphics.framework; path = System/Library/Frameworks/CoreGraphics.framework; sourceTree = SDKROOT; };
		1892004D188EDB3800A50BD9 /* UIKit.framework */ = {isa = PBXFileReference; lastKnownFileType = wrapper.framework; name = UIKit.framework; path = System/Library/Frameworks/UIKit.framework; sourceTree = SDKROOT; };
		1892004F188EDB3800A50BD9 /* CoreData.framework */ = {isa = PBXFileReference; lastKnownFileType = wrapper.framework; name = CoreData.framework; path = System/Library/Frameworks/CoreData.framework; sourceTree = SDKROOT; };
		18920053188EDB3800A50BD9 /* NotsBefore-Info.plist */ = {isa = PBXFileReference; lastKnownFileType = text.plist.xml; path = "NotsBefore-Info.plist"; sourceTree = "<group>"; };
		18920055188EDB3800A50BD9 /* en */ = {isa = PBXFileReference; lastKnownFileType = text.plist.strings; name = en; path = en.lproj/InfoPlist.strings; sourceTree = "<group>"; };
		18920057188EDB3800A50BD9 /* main.m */ = {isa = PBXFileReference; lastKnownFileType = sourcecode.c.objc; path = main.m; sourceTree = "<group>"; };
		18920059188EDB3800A50BD9 /* NotsBefore-Prefix.pch */ = {isa = PBXFileReference; lastKnownFileType = sourcecode.c.h; path = "NotsBefore-Prefix.pch"; sourceTree = "<group>"; };
		1892005A188EDB3800A50BD9 /* AppDelegate.h */ = {isa = PBXFileReference; lastKnownFileType = sourcecode.c.h; path = AppDelegate.h; sourceTree = "<group>"; };
		1892005B188EDB3800A50BD9 /* AppDelegate.m */ = {isa = PBXFileReference; lastKnownFileType = sourcecode.c.objc; path = AppDelegate.m; sourceTree = "<group>"; };
		1892005E188EDB3800A50BD9 /* NotsBefore.xcdatamodel */ = {isa = PBXFileReference; lastKnownFileType = wrapper.xcdatamodel; path = NotsBefore.xcdatamodel; sourceTree = "<group>"; };
		18920060188EDB3800A50BD9 /* Images.xcassets */ = {isa = PBXFileReference; lastKnownFileType = folder.assetcatalog; path = Images.xcassets; sourceTree = "<group>"; };
		18920066188EDB3800A50BD9 /* NotsBeforeTests.xctest */ = {isa = PBXFileReference; explicitFileType = wrapper.cfbundle; includeInIndex = 0; path = NotsBeforeTests.xctest; sourceTree = BUILT_PRODUCTS_DIR; };
		18920067188EDB3800A50BD9 /* XCTest.framework */ = {isa = PBXFileReference; lastKnownFileType = wrapper.framework; name = XCTest.framework; path = Library/Frameworks/XCTest.framework; sourceTree = DEVELOPER_DIR; };
		18920070188EDB3800A50BD9 /* NotsBeforeTests-Info.plist */ = {isa = PBXFileReference; lastKnownFileType = text.plist.xml; path = "NotsBeforeTests-Info.plist"; sourceTree = "<group>"; };
		18920072188EDB3800A50BD9 /* en */ = {isa = PBXFileReference; lastKnownFileType = text.plist.strings; name = en; path = en.lproj/InfoPlist.strings; sourceTree = "<group>"; };
		18920074188EDB3800A50BD9 /* NotsBeforeTests.m */ = {isa = PBXFileReference; lastKnownFileType = sourcecode.c.objc; path = NotsBeforeTests.m; sourceTree = "<group>"; };
/* End PBXFileReference section */

/* Begin PBXFrameworksBuildPhase section */
		18920043188EDB3800A50BD9 /* Frameworks */ = {
			isa = PBXFrameworksBuildPhase;
			buildActionMask = 2147483647;
			files = (
				1892004C188EDB3800A50BD9 /* CoreGraphics.framework in Frameworks */,
				18920050188EDB3800A50BD9 /* CoreData.framework in Frameworks */,
				1892004E188EDB3800A50BD9 /* UIKit.framework in Frameworks */,
				1892004A188EDB3800A50BD9 /* Foundation.framework in Frameworks */,
			);
			runOnlyForDeploymentPostprocessing = 0;
		};
		18920063188EDB3800A50BD9 /* Frameworks */ = {
			isa = PBXFrameworksBuildPhase;
			buildActionMask = 2147483647;
			files = (
				18920068188EDB3800A50BD9 /* XCTest.framework in Frameworks */,
				1892006B188EDB3800A50BD9 /* CoreData.framework in Frameworks */,
				1892006A188EDB3800A50BD9 /* UIKit.framework in Frameworks */,
				18920069188EDB3800A50BD9 /* Foundation.framework in Frameworks */,
			);
			runOnlyForDeploymentPostprocessing = 0;
		};
/* End PBXFrameworksBuildPhase section */

/* Begin PBXGroup section */
		1892003D188EDB3800A50BD9 = {
			isa = PBXGroup;
			children = (
				18920051188EDB3800A50BD9 /* NotsBefore */,
				1892006E188EDB3800A50BD9 /* NotsBeforeTests */,
				18920048188EDB3800A50BD9 /* Frameworks */,
				18920047188EDB3800A50BD9 /* Products */,
			);
			sourceTree = "<group>";
		};
		18920047188EDB3800A50BD9 /* Products */ = {
			isa = PBXGroup;
			children = (
				18920046188EDB3800A50BD9 /* NotsBefore.app */,
				18920066188EDB3800A50BD9 /* NotsBeforeTests.xctest */,
			);
			name = Products;
			sourceTree = "<group>";
		};
		18920048188EDB3800A50BD9 /* Frameworks */ = {
			isa = PBXGroup;
			children = (
				18920049188EDB3800A50BD9 /* Foundation.framework */,
				1892004B188EDB3800A50BD9 /* CoreGraphics.framework */,
				1892004D188EDB3800A50BD9 /* UIKit.framework */,
				1892004F188EDB3800A50BD9 /* CoreData.framework */,
				18920067188EDB3800A50BD9 /* XCTest.framework */,
			);
			name = Frameworks;
			sourceTree = "<group>";
		};
		18920051188EDB3800A50BD9 /* NotsBefore */ = {
			isa = PBXGroup;
			children = (
				1892005A188EDB3800A50BD9 /* AppDelegate.h */,
				1892005B188EDB3800A50BD9 /* AppDelegate.m */,
				18920060188EDB3800A50BD9 /* Images.xcassets */,
				1892005D188EDB3800A50BD9 /* NotsBefore.xcdatamodeld */,
				18920052188EDB3800A50BD9 /* Supporting Files */,
			);
			path = NotsBefore;
			sourceTree = "<group>";
		};
		18920052188EDB3800A50BD9 /* Supporting Files */ = {
			isa = PBXGroup;
			children = (
				18920053188EDB3800A50BD9 /* NotsBefore-Info.plist */,
				18920054188EDB3800A50BD9 /* InfoPlist.strings */,
				18920057188EDB3800A50BD9 /* main.m */,
				18920059188EDB3800A50BD9 /* NotsBefore-Prefix.pch */,
			);
			name = "Supporting Files";
			sourceTree = "<group>";
		};
		1892006E188EDB3800A50BD9 /* NotsBeforeTests */ = {
			isa = PBXGroup;
			children = (
				18920074188EDB3800A50BD9 /* NotsBeforeTests.m */,
				1892006F188EDB3800A50BD9 /* Supporting Files */,
			);
			path = NotsBeforeTests;
			sourceTree = "<group>";
		};
		1892006F188EDB3800A50BD9 /* Supporting Files */ = {
			isa = PBXGroup;
			children = (
				18920070188EDB3800A50BD9 /* NotsBeforeTests-Info.plist */,
				18920071188EDB3800A50BD9 /* InfoPlist.strings */,
			);
			name = "Supporting Files";
			sourceTree = "<group>";
		};
/* End PBXGroup section */

/* Begin PBXNativeTarget section */
		18920045188EDB3800A50BD9 /* NotsBefore */ = {
			isa = PBXNativeTarget;
			buildConfigurationList = 18920078188EDB3800A50BD9 /* Build configuration list for PBXNativeTarget "NotsBefore" */;
			buildPhases = (
				18920042188EDB3800A50BD9 /* Sources */,
				18920043188EDB3800A50BD9 /* Frameworks */,
				18920044188EDB3800A50BD9 /* Resources */,
			);
			buildRules = (
			);
			dependencies = (
			);
			name = NotsBefore;
			productName = NotsBefore;
			productReference = 18920046188EDB3800A50BD9 /* NotsBefore.app */;
			productType = "com.apple.product-type.application";
		};
		18920065188EDB3800A50BD9 /* NotsBeforeTests */ = {
			isa = PBXNativeTarget;
			buildConfigurationList = 1892007B188EDB3800A50BD9 /* Build configuration list for PBXNativeTarget "NotsBeforeTests" */;
			buildPhases = (
				18920062188EDB3800A50BD9 /* Sources */,
				18920063188EDB3800A50BD9 /* Frameworks */,
				18920064188EDB3800A50BD9 /* Resources */,
			);
			buildRules = (
			);
			dependencies = (
				1892006D188EDB3800A50BD9 /* PBXTargetDependency */,
			);
			name = NotsBeforeTests;
			productName = NotsBeforeTests;
			productReference = 18920066188EDB3800A50BD9 /* NotsBeforeTests.xctest */;
			productType = "com.apple.product-type.bundle.unit-test";
		};
/* End PBXNativeTarget section */

/* Begin PBXProject section */
		1892003E188EDB3800A50BD9 /* Project object */ = {
			isa = PBXProject;
			attributes = {
				LastUpgradeCheck = 0500;
				ORGANIZATIONNAME = Apple;
				TargetAttributes = {
					18920065188EDB3800A50BD9 = {
						TestTargetID = 18920045188EDB3800A50BD9;
					};
				};
			};
			buildConfigurationList = 18920041188EDB3800A50BD9 /* Build configuration list for PBXProject "NotsBefore" */;
			compatibilityVersion = "Xcode 3.2";
			developmentRegion = English;
			hasScannedForEncodings = 0;
			knownRegions = (
				en,
			);
			mainGroup = 1892003D188EDB3800A50BD9;
			productRefGroup = 18920047188EDB3800A50BD9 /* Products */;
			projectDirPath = "";
			projectRoot = "";
			targets = (
				18920045188EDB3800A50BD9 /* NotsBefore */,
				18920065188EDB3800A50BD9 /* NotsBeforeTests */,
			);
		};
/* End PBXProject section */

/* Begin PBXResourcesBuildPhase section */
		18920044188EDB3800A50BD9 /* Resources */ = {
			isa = PBXResourcesBuildPhase;
			buildActionMask = 2147483647;
			files = (
				18920056188EDB3800A50BD9 /* InfoPlist.strings in Resources */,
				18920061188EDB3800A50BD9 /* Images.xcassets in Resources */,
			);
			runOnlyForDeploymentPostprocessing = 0;
		};
		18920064188EDB3800A50BD9 /* Resources */ = {
			isa = PBXResourcesBuildPhase;
			buildActionMask = 2147483647;
			files = (
				18920073188EDB3800A50BD9 /* InfoPlist.strings in Resources */,
			);
			runOnlyForDeploymentPostprocessing = 0;
		};
/* End PBXResourcesBuildPhase section */

/* Begin PBXSourcesBuildPhase section */
		18920042188EDB3800A50BD9 /* Sources */ = {
			isa = PBXSourcesBuildPhase;
			buildActionMask = 2147483647;
			files = (
				1892005F188EDB3800A50BD9 /* NotsBefore.xcdatamodeld in Sources */,
				1892005C188EDB3800A50BD9 /* AppDelegate.m in Sources */,
				18920058188EDB3800A50BD9 /* main.m in Sources */,
			);
			runOnlyForDeploymentPostprocessing = 0;
		};
		18920062188EDB3800A50BD9 /* Sources */ = {
			isa = PBXSourcesBuildPhase;
			buildActionMask = 2147483647;
			files = (
				18920075188EDB3800A50BD9 /* NotsBeforeTests.m in Sources */,
			);
			runOnlyForDeploymentPostprocessing = 0;
		};
/* End PBXSourcesBuildPhase section */

/* Begin PBXTargetDependency section */
		1892006D188EDB3800A50BD9 /* PBXTargetDependency */ = {
			isa = PBXTargetDependency;
			target = 18920045188EDB3800A50BD9 /* NotsBefore */;
			targetProxy = 1892006C188EDB3800A50BD9 /* PBXContainerItemProxy */;
		};
/* End PBXTargetDependency section */

/* Begin PBXVariantGroup section */
		18920054188EDB3800A50BD9 /* InfoPlist.strings */ = {
			isa = PBXVariantGroup;
			children = (
				18920055188EDB3800A50BD9 /* en */,
			);
			name = InfoPlist.strings;
			sourceTree = "<group>";
		};
		18920071188EDB3800A50BD9 /* InfoPlist.strings */ = {
			isa = PBXVariantGroup;
			children = (
				18920072188EDB3800A50BD9 /* en */,
			);
			name = InfoPlist.strings;
			sourceTree = "<group>";
		};
/* End PBXVariantGroup section */

/* Begin XCBuildConfiguration section */
		18920076188EDB3800A50BD9 /* Debug */ = {
			isa = XCBuildConfiguration;
			buildSettings = {
				ALWAYS_SEARCH_USER_PATHS = NO;
				ARCHS = "$(ARCHS_STANDARD_INCLUDING_64_BIT)";
				CLANG_CXX_LANGUAGE_STANDARD = "gnu++0x";
				CLANG_CXX_LIBRARY = "libc++";
				CLANG_ENABLE_MODULES = YES;
				CLANG_ENABLE_OBJC_ARC = YES;
				CLANG_WARN_BOOL_CONVERSION = YES;
				CLANG_WARN_CONSTANT_CONVERSION = YES;
				CLANG_WARN_DIRECT_OBJC_ISA_USAGE = YES_ERROR;
				CLANG_WARN_EMPTY_BODY = YES;
				CLANG_WARN_ENUM_CONVERSION = YES;
				CLANG_WARN_INT_CONVERSION = YES;
				CLANG_WARN_OBJC_ROOT_CLASS = YES_ERROR;
				CLANG_WARN__DUPLICATE_METHOD_MATCH = YES;
				"CODE_SIGN_IDENTITY[sdk=iphoneos*]" = "iPhone Developer";
				COPY_PHASE_STRIP = NO;
				GCC_C_LANGUAGE_STANDARD = gnu99;
				GCC_DYNAMIC_NO_PIC = NO;
				GCC_OPTIMIZATION_LEVEL = 0;
				GCC_PREPROCESSOR_DEFINITIONS = (
					"DEBUG=1",
					"$(inherited)",
				);
				GCC_SYMBOLS_PRIVATE_EXTERN = NO;
				GCC_WARN_64_TO_32_BIT_CONVERSION = YES;
				GCC_WARN_ABOUT_RETURN_TYPE = YES_ERROR;
				GCC_WARN_UNDECLARED_SELECTOR = YES;
				GCC_WARN_UNINITIALIZED_AUTOS = YES;
				GCC_WARN_UNUSED_FUNCTION = YES;
				GCC_WARN_UNUSED_VARIABLE = YES;
				IPHONEOS_DEPLOYMENT_TARGET = 7.0;
				ONLY_ACTIVE_ARCH = YES;
				SDKROOT = iphoneos;
			};
			name = Debug;
		};
		18920077188EDB3800A50BD9 /* Release */ = {
			isa = XCBuildConfiguration;
			buildSettings = {
				ALWAYS_SEARCH_USER_PATHS = NO;
				ARCHS = "$(ARCHS_STANDARD_INCLUDING_64_BIT)";
				CLANG_CXX_LANGUAGE_STANDARD = "gnu++0x";
				CLANG_CXX_LIBRARY = "libc++";
				CLANG_ENABLE_MODULES = YES;
				CLANG_ENABLE_OBJC_ARC = YES;
				CLANG_WARN_BOOL_CONVERSION = YES;
				CLANG_WARN_CONSTANT_CONVERSION = YES;
				CLANG_WARN_DIRECT_OBJC_ISA_USAGE = YES_ERROR;
				CLANG_WARN_EMPTY_BODY = YES;
				CLANG_WARN_ENUM_CONVERSION = YES;
				CLANG_WARN_INT_CONVERSION = YES;
				CLANG_WARN_OBJC_ROOT_CLASS = YES_ERROR;
				CLANG_WARN__DUPLICATE_METHOD_MATCH = YES;
				"CODE_SIGN_IDENTITY[sdk=iphoneos*]" = "iPhone Developer";
				COPY_PHASE_STRIP = YES;
				ENABLE_NS_ASSERTIONS = NO;
				GCC_C_LANGUAGE_STANDARD = gnu99;
				GCC_WARN_64_TO_32_BIT_CONVERSION = YES;
				GCC_WARN_ABOUT_RETURN_TYPE = YES_ERROR;
				GCC_WARN_UNDECLARED_SELECTOR = YES;
				GCC_WARN_UNINITIALIZED_AUTOS = YES;
				GCC_WARN_UNUSED_FUNCTION = YES;
				GCC_WARN_UNUSED_VARIABLE = YES;
				IPHONEOS_DEPLOYMENT_TARGET = 7.0;
				SDKROOT = iphoneos;
				VALIDATE_PRODUCT = YES;
			};
			name = Release;
		};
		18920079188EDB3800A50BD9 /* Debug */ = {
			isa = XCBuildConfiguration;
			buildSettings = {
				ASSETCATALOG_COMPILER_APPICON_NAME = AppIcon;
				ASSETCATALOG_COMPILER_LAUNCHIMAGE_NAME = LaunchImage;
				GCC_PRECOMPILE_PREFIX_HEADER = YES;
				GCC_PREFIX_HEADER = "NotsBefore/NotsBefore-Prefix.pch";
				INFOPLIST_FILE = "NotsBefore/NotsBefore-Info.plist";
				PRODUCT_NAME = "$(TARGET_NAME)";
				WRAPPER_EXTENSION = app;
			};
			name = Debug;
		};
		1892007A188EDB3800A50BD9 /* Release */ = {
			isa = XCBuildConfiguration;
			buildSettings = {
				ASSETCATALOG_COMPILER_APPICON_NAME = AppIcon;
				ASSETCATALOG_COMPILER_LAUNCHIMAGE_NAME = LaunchImage;
				GCC_PRECOMPILE_PREFIX_HEADER = YES;
				GCC_PREFIX_HEADER = "NotsBefore/NotsBefore-Prefix.pch";
				INFOPLIST_FILE = "NotsBefore/NotsBefore-Info.plist";
				PRODUCT_NAME = "$(TARGET_NAME)";
				WRAPPER_EXTENSION = app;
			};
			name = Release;
		};
		1892007C188EDB3800A50BD9 /* Debug */ = {
			isa = XCBuildConfiguration;
			buildSettings = {
				ARCHS = "$(ARCHS_STANDARD_INCLUDING_64_BIT)";
				BUNDLE_LOADER = "$(BUILT_PRODUCTS_DIR)/NotsBefore.app/NotsBefore";
				FRAMEWORK_SEARCH_PATHS = (
					"$(SDKROOT)/Developer/Library/Frameworks",
					"$(inherited)",
					"$(DEVELOPER_FRAMEWORKS_DIR)",
				);
				GCC_PRECOMPILE_PREFIX_HEADER = YES;
				GCC_PREFIX_HEADER = "NotsBefore/NotsBefore-Prefix.pch";
				GCC_PREPROCESSOR_DEFINITIONS = (
					"DEBUG=1",
					"$(inherited)",
				);
				INFOPLIST_FILE = "NotsBeforeTests/NotsBeforeTests-Info.plist";
				PRODUCT_NAME = "$(TARGET_NAME)";
				TEST_HOST = "$(BUNDLE_LOADER)";
				WRAPPER_EXTENSION = xctest;
			};
			name = Debug;
		};
		1892007D188EDB3800A50BD9 /* Release */ = {
			isa = XCBuildConfiguration;
			buildSettings = {
				ARCHS = "$(ARCHS_STANDARD_INCLUDING_64_BIT)";
				BUNDLE_LOADER = "$(BUILT_PRODUCTS_DIR)/NotsBefore.app/NotsBefore";
				FRAMEWORK_SEARCH_PATHS = (
					"$(SDKROOT)/Developer/Library/Frameworks",
					"$(inherited)",
					"$(DEVELOPER_FRAMEWORKS_DIR)",
				);
				GCC_PRECOMPILE_PREFIX_HEADER = YES;
				GCC_PREFIX_HEADER = "NotsBefore/NotsBefore-Prefix.pch";
				INFOPLIST_FILE = "NotsBeforeTests/NotsBeforeTests-Info.plist";
				PRODUCT_NAME = "$(TARGET_NAME)";
				TEST_HOST = "$(BUNDLE_LOADER)";
				WRAPPER_EXTENSION = xctest;
			};
			name = Release;
		};
/* End XCBuildConfiguration section */

/* Begin XCConfigurationList section */
		18920041188EDB3800A50BD9 /* Build configuration list for PBXProject "NotsBefore" */ = {
			isa = XCConfigurationList;
			buildConfigurations = (
				18920076188EDB3800A50BD9 /* Debug */,
				18920077188EDB3800A50BD9 /* Release */,
			);
			defaultConfigurationIsVisible = 0;
			defaultConfigurationName = Release;
		};
		18920078188EDB3800A50BD9 /* Build configuration list for PBXNativeTarget "NotsBefore" */ = {
			isa = XCConfigurationList;
			buildConfigurations = (
				18920079188EDB3800A50BD9 /* Debug */,
				1892007A188EDB3800A50BD9 /* Release */,
			);
			defaultConfigurationIsVisible = 0;
		};
		1892007B188EDB3800A50BD9 /* Build configuration list for PBXNativeTarget "NotsBeforeTests" */ = {
			isa = XCConfigurationList;
			buildConfigurations = (
				1892007C188EDB3800A50BD9 /* Debug */,
				1892007D188EDB3800A50BD9 /* Release */,
			);
			defaultConfigurationIsVisible = 0;
		};
/* End XCConfigurationList section */

/* Begin XCVersionGroup section */
		1892005D188EDB3800A50BD9 /* NotsBefore.xcdatamodeld */ = {
			isa = XCVersionGroup;
			children = (
				1892005E188EDB3800A50BD9 /* NotsBefore.xcdatamodel */,
			);
			currentVersion = 1892005E188EDB3800A50BD9 /* NotsBefore.xcdatamodel */;
			path = NotsBefore.xcdatamodeld;
			sourceTree = "<group>";
			versionGroupType = wrapper.xcdatamodel;
		};
/* End XCVersionGroup section */
	};
	rootObject = 1892003E188EDB3800A50BD9 /* Project object */;
}
